{
  "pins" : [
    {
      "identity" : "breez-sdk-swift",
      "kind" : "remoteSourceControl",
      "location" : "https://github.com/breez/breez-sdk-swift",
      "state" : {
        "revision" : "73c7bf88ce51471f4a6313aa583fa1a5394442f7",
        "version" : "0.2.15"
      }
    },
    {
      "identity" : "swift-argument-parser",
      "kind" : "remoteSourceControl",
      "location" : "https://github.com/apple/swift-argument-parser",
      "state" : {
        "revision" : "8f4d2753f0e4778c76d5f05ad16c74f707390531",
        "version" : "1.2.3"
      }
    }
  ],
  "version" : 2
}
