{
  "pins" : [
    {
      "identity" : "breez-sdk-swift",
      "kind" : "remoteSourceControl",
      "location" : "https://github.com/breez/breez-sdk-swift",
      "state" : {
        "revision" : "d3b1051d20cb65bd7490e3d4ee8f39b2771eba66",
        "version" : "0.3.0"
      }
    },
    {
      "identity" : "swift-argument-parser",
      "kind" : "remoteSourceControl",
      "location" : "https://github.com/apple/swift-argument-parser",
      "state" : {
        "revision" : "8f4d2753f0e4778c76d5f05ad16c74f707390531",
        "version" : "1.2.3"
      }
    }
  ],
  "version" : 2
}
